
Microsoft Visual Studio Solution File, Format Version 12.00
# Visual Studio Version 16
VisualStudioVersion = 16.0.33927.289
MinimumVisualStudioVersion = 10.0.40219.1
Project("{FAE04EC0-301F-11D3-BF4B-00C04F79EFBC}") = "ass2", "ass2\ass2.csproj", "{9C0EA8FF-B80E-41D0-9C85-E07FCAEC220B}"
EndProject
Global
	GlobalSection(SolutionConfigurationPlatforms) = preSolution
		Debug|Any CPU = Debug|Any CPU
		Release|Any CPU = Release|Any CPU
	EndGlobalSection
	GlobalSection(ProjectConfigurationPlatforms) = postSolution
		{9C0EA8FF-B80E-41D0-9C85-E07FCAEC220B}.Debug|Any CPU.ActiveCfg = Debug|Any CPU
		{9C0EA8FF-B80E-41D0-9C85-E07FCAEC220B}.Debug|Any CPU.Build.0 = Debug|Any CPU
		{9C0EA8FF-B80E-41D0-9C85-E07FCAEC220B}.Release|Any CPU.ActiveCfg = Release|Any CPU
		{9C0EA8FF-B80E-41D0-9C85-E07FCAEC220B}.Release|Any CPU.Build.0 = Release|Any CPU
	EndGlobalSection
	GlobalSection(SolutionProperties) = preSolution
		HideSolutionNode = FALSE
	EndGlobalSection
	GlobalSection(ExtensibilityGlobals) = postSolution
		SolutionGuid = {36C31852-1872-4864-8C6B-7BF08275409C}
	EndGlobalSection
EndGlobal
