
Microsoft Visual Studio Solution File, Format Version 12.00
# Visual Studio Version 16
VisualStudioVersion = 16.0.33927.289
MinimumVisualStudioVersion = 10.0.40219.1
Project("{FAE04EC0-301F-11D3-BF4B-00C04F79EFBC}") = "casestydy1", "casestydy1\casestydy1.csproj", "{06676CAC-8399-43DC-B3B5-8986F2B87AC3}"
EndProject
Project("{FAE04EC0-301F-11D3-BF4B-00C04F79EFBC}") = "casestudy2", "casestudy2\casestudy2.csproj", "{6E5A0CD9-5BCA-4217-B167-B3181D2B7484}"
EndProject
Project("{FAE04EC0-301F-11D3-BF4B-00C04F79EFBC}") = "casestudy3", "casestudy3\casestudy3.csproj", "{E417855D-B3D4-49DC-B976-3387FC7FE412}"
EndProject
Global
	GlobalSection(SolutionConfigurationPlatforms) = preSolution
		Debug|Any CPU = Debug|Any CPU
		Release|Any CPU = Release|Any CPU
	EndGlobalSection
	GlobalSection(ProjectConfigurationPlatforms) = postSolution
		{06676CAC-8399-43DC-B3B5-8986F2B87AC3}.Debug|Any CPU.ActiveCfg = Debug|Any CPU
		{06676CAC-8399-43DC-B3B5-8986F2B87AC3}.Debug|Any CPU.Build.0 = Debug|Any CPU
		{06676CAC-8399-43DC-B3B5-8986F2B87AC3}.Release|Any CPU.ActiveCfg = Release|Any CPU
		{06676CAC-8399-43DC-B3B5-8986F2B87AC3}.Release|Any CPU.Build.0 = Release|Any CPU
		{6E5A0CD9-5BCA-4217-B167-B3181D2B7484}.Debug|Any CPU.ActiveCfg = Debug|Any CPU
		{6E5A0CD9-5BCA-4217-B167-B3181D2B7484}.Debug|Any CPU.Build.0 = Debug|Any CPU
		{6E5A0CD9-5BCA-4217-B167-B3181D2B7484}.Release|Any CPU.ActiveCfg = Release|Any CPU
		{6E5A0CD9-5BCA-4217-B167-B3181D2B7484}.Release|Any CPU.Build.0 = Release|Any CPU
		{E417855D-B3D4-49DC-B976-3387FC7FE412}.Debug|Any CPU.ActiveCfg = Debug|Any CPU
		{E417855D-B3D4-49DC-B976-3387FC7FE412}.Debug|Any CPU.Build.0 = Debug|Any CPU
		{E417855D-B3D4-49DC-B976-3387FC7FE412}.Release|Any CPU.ActiveCfg = Release|Any CPU
		{E417855D-B3D4-49DC-B976-3387FC7FE412}.Release|Any CPU.Build.0 = Release|Any CPU
	EndGlobalSection
	GlobalSection(SolutionProperties) = preSolution
		HideSolutionNode = FALSE
	EndGlobalSection
	GlobalSection(ExtensibilityGlobals) = postSolution
		SolutionGuid = {AB98B759-5681-4024-82B1-8ED9AB5892CB}
	EndGlobalSection
EndGlobal
