
Microsoft Visual Studio Solution File, Format Version 12.00
# Visual Studio Version 16
VisualStudioVersion = 16.0.33927.289
MinimumVisualStudioVersion = 10.0.40219.1
Project("{FAE04EC0-301F-11D3-BF4B-00C04F79EFBC}") = "RemotingServer", "RemotingServer\RemotingServer.csproj", "{9DFFDCA5-4DFD-4D57-BA46-874DEC7880E2}"
EndProject
Global
	GlobalSection(SolutionConfigurationPlatforms) = preSolution
		Debug|Any CPU = Debug|Any CPU
		Release|Any CPU = Release|Any CPU
	EndGlobalSection
	GlobalSection(ProjectConfigurationPlatforms) = postSolution
		{9DFFDCA5-4DFD-4D57-BA46-874DEC7880E2}.Debug|Any CPU.ActiveCfg = Debug|Any CPU
		{9DFFDCA5-4DFD-4D57-BA46-874DEC7880E2}.Debug|Any CPU.Build.0 = Debug|Any CPU
		{9DFFDCA5-4DFD-4D57-BA46-874DEC7880E2}.Release|Any CPU.ActiveCfg = Release|Any CPU
		{9DFFDCA5-4DFD-4D57-BA46-874DEC7880E2}.Release|Any CPU.Build.0 = Release|Any CPU
	EndGlobalSection
	GlobalSection(SolutionProperties) = preSolution
		HideSolutionNode = FALSE
	EndGlobalSection
	GlobalSection(ExtensibilityGlobals) = postSolution
		SolutionGuid = {E2E1B2F7-E578-4E78-A526-3EE6CF794DDE}
	EndGlobalSection
EndGlobal
