
Microsoft Visual Studio Solution File, Format Version 12.00
# Visual Studio Version 16
VisualStudioVersion = 16.0.33927.289
MinimumVisualStudioVersion = 10.0.40219.1
Project("{FAE04EC0-301F-11D3-BF4B-00C04F79EFBC}") = "WindowsRemotingClient", "WindowsRemotingClient\WindowsRemotingClient.csproj", "{9D3B5DC3-EE7F-48F6-8179-B500F9809427}"
EndProject
Global
	GlobalSection(SolutionConfigurationPlatforms) = preSolution
		Debug|Any CPU = Debug|Any CPU
		Release|Any CPU = Release|Any CPU
	EndGlobalSection
	GlobalSection(ProjectConfigurationPlatforms) = postSolution
		{9D3B5DC3-EE7F-48F6-8179-B500F9809427}.Debug|Any CPU.ActiveCfg = Debug|Any CPU
		{9D3B5DC3-EE7F-48F6-8179-B500F9809427}.Debug|Any CPU.Build.0 = Debug|Any CPU
		{9D3B5DC3-EE7F-48F6-8179-B500F9809427}.Release|Any CPU.ActiveCfg = Release|Any CPU
		{9D3B5DC3-EE7F-48F6-8179-B500F9809427}.Release|Any CPU.Build.0 = Release|Any CPU
	EndGlobalSection
	GlobalSection(SolutionProperties) = preSolution
		HideSolutionNode = FALSE
	EndGlobalSection
	GlobalSection(ExtensibilityGlobals) = postSolution
		SolutionGuid = {24F42919-FFDD-4CF9-B4F4-087F2D73B514}
	EndGlobalSection
EndGlobal
