
Microsoft Visual Studio Solution File, Format Version 12.00
# Visual Studio Version 16
VisualStudioVersion = 16.0.34114.132
MinimumVisualStudioVersion = 10.0.40219.1
Project("{FAE04EC0-301F-11D3-BF4B-00C04F79EFBC}") = "CodeTest8", "CodeTest8\CodeTest8.csproj", "{BD90A21F-CBF7-4D5F-9BE6-24A2A9B30043}"
EndProject
Project("{FAE04EC0-301F-11D3-BF4B-00C04F79EFBC}") = "Ques2", "Ques2\Ques2.csproj", "{E350925C-63FC-42F3-A72B-AB01DE921FD0}"
EndProject
Global
	GlobalSection(SolutionConfigurationPlatforms) = preSolution
		Debug|Any CPU = Debug|Any CPU
		Release|Any CPU = Release|Any CPU
	EndGlobalSection
	GlobalSection(ProjectConfigurationPlatforms) = postSolution
		{BD90A21F-CBF7-4D5F-9BE6-24A2A9B30043}.Debug|Any CPU.ActiveCfg = Debug|Any CPU
		{BD90A21F-CBF7-4D5F-9BE6-24A2A9B30043}.Debug|Any CPU.Build.0 = Debug|Any CPU
		{BD90A21F-CBF7-4D5F-9BE6-24A2A9B30043}.Release|Any CPU.ActiveCfg = Release|Any CPU
		{BD90A21F-CBF7-4D5F-9BE6-24A2A9B30043}.Release|Any CPU.Build.0 = Release|Any CPU
		{E350925C-63FC-42F3-A72B-AB01DE921FD0}.Debug|Any CPU.ActiveCfg = Debug|Any CPU
		{E350925C-63FC-42F3-A72B-AB01DE921FD0}.Debug|Any CPU.Build.0 = Debug|Any CPU
		{E350925C-63FC-42F3-A72B-AB01DE921FD0}.Release|Any CPU.ActiveCfg = Release|Any CPU
		{E350925C-63FC-42F3-A72B-AB01DE921FD0}.Release|Any CPU.Build.0 = Release|Any CPU
	EndGlobalSection
	GlobalSection(SolutionProperties) = preSolution
		HideSolutionNode = FALSE
	EndGlobalSection
	GlobalSection(ExtensibilityGlobals) = postSolution
		SolutionGuid = {F8942177-4BF5-4CAD-9494-FE472113F9ED}
	EndGlobalSection
EndGlobal
